
Microsoft Visual Studio Solution File, Format Version 12.00
# Visual Studio Version 17
VisualStudioVersion = 17.1.32210.238
MinimumVisualStudioVersion = 10.0.40219.1
Project("{FAE04EC0-301F-11D3-BF4B-00C04F79EFBC}") = "pruebaEquirent", "pruebaEquirent\pruebaEquirent.csproj", "{10264E44-5898-423C-AD36-C8B3B39D078D}"
EndProject
Global
	GlobalSection(SolutionConfigurationPlatforms) = preSolution
		Debug|Any CPU = Debug|Any CPU
		Release|Any CPU = Release|Any CPU
	EndGlobalSection
	GlobalSection(ProjectConfigurationPlatforms) = postSolution
		{10264E44-5898-423C-AD36-C8B3B39D078D}.Debug|Any CPU.ActiveCfg = Debug|Any CPU
		{10264E44-5898-423C-AD36-C8B3B39D078D}.Debug|Any CPU.Build.0 = Debug|Any CPU
		{10264E44-5898-423C-AD36-C8B3B39D078D}.Release|Any CPU.ActiveCfg = Release|Any CPU
		{10264E44-5898-423C-AD36-C8B3B39D078D}.Release|Any CPU.Build.0 = Release|Any CPU
	EndGlobalSection
	GlobalSection(SolutionProperties) = preSolution
		HideSolutionNode = FALSE
	EndGlobalSection
	GlobalSection(ExtensibilityGlobals) = postSolution
		SolutionGuid = {E7ACD948-A731-46F4-9516-210C27DFF0F0}
	EndGlobalSection
EndGlobal
